
Microsoft Visual Studio Solution File, Format Version 12.00
# Visual Studio Version 17
VisualStudioVersion = 17.8.34330.188
MinimumVisualStudioVersion = 10.0.40219.1
Project("{FAE04EC0-301F-11D3-BF4B-00C04F79EFBC}") = "WebApp", "WebApp\WebApp.csproj", "{A6B20AE1-D434-4446-9007-0E5D7EE34F90}"
EndProject
Global
	GlobalSection(SolutionConfigurationPlatforms) = preSolution
		Debug|Any CPU = Debug|Any CPU
		Release|Any CPU = Release|Any CPU
	EndGlobalSection
	GlobalSection(ProjectConfigurationPlatforms) = postSolution
		{A6B20AE1-D434-4446-9007-0E5D7EE34F90}.Debug|Any CPU.ActiveCfg = Debug|Any CPU
		{A6B20AE1-D434-4446-9007-0E5D7EE34F90}.Debug|Any CPU.Build.0 = Debug|Any CPU
		{A6B20AE1-D434-4446-9007-0E5D7EE34F90}.Release|Any CPU.ActiveCfg = Release|Any CPU
		{A6B20AE1-D434-4446-9007-0E5D7EE34F90}.Release|Any CPU.Build.0 = Release|Any CPU
	EndGlobalSection
	GlobalSection(SolutionProperties) = preSolution
		HideSolutionNode = FALSE
	EndGlobalSection
	GlobalSection(ExtensibilityGlobals) = postSolution
		SolutionGuid = {D9058DEB-2613-40C6-B81A-E0BD2F8E9CA1}
	EndGlobalSection
EndGlobal
